{
  "name": "recreation-map",
  "version": "0.0.1",
  "lockfileVersion": 1,
  "requires": true,
  "dependencies": {
    "@types/esri-leaflet": {
      "version": "2.1.6",
      "resolved": "https://registry.npmjs.org/@types/esri-leaflet/-/esri-leaflet-2.1.6.tgz",
      "integrity": "sha512-W5orVaAwL6pJ1fqH9/X8ewmvcIzUDmCItbDz8IkD3FO10uyFGGhRPSh2nG6PJnEJP3n/47784J6cx/Z7luLOVg==",
      "dev": true,
      "requires": {
        "@types/leaflet": "*"
      }
    },
    "@types/geojson": {
      "version": "7946.0.7",
      "resolved": "https://registry.npmjs.org/@types/geojson/-/geojson-7946.0.7.tgz",
      "integrity": "sha512-wE2v81i4C4Ol09RtsWFAqg3BUitWbHSpSlIo+bNdsCJijO9sjme+zm+73ZMCa/qMC8UEERxzGbvmr1cffo2SiQ==",
      "dev": true
    },
    "@types/leaflet": {
      "version": "1.5.23",
      "resolved": "https://registry.npmjs.org/@types/leaflet/-/leaflet-1.5.23.tgz",
      "integrity": "sha512-S/xpuwjZuwYMP+4ZzQ10PX0Jy+0XmwPeojtjqhbca9UXaINdoru91Qm/DUUXyh4qYm3CP6Vher06l/UcA9tUKQ==",
      "dev": true,
      "requires": {
        "@types/geojson": "*"
      }
    }
  }
}
