{
  "name": "recreation-map",
  "version": "0.0.1",
  "lockfileVersion": 1,
  "requires": true,
  "dependencies": {
    "@types/esri-leaflet": {
      "version": "2.1.6",
      "resolved": "https://registry.npmjs.org/@types/esri-leaflet/-/esri-leaflet-2.1.6.tgz",
      "integrity": "sha512-W5orVaAwL6pJ1fqH9/X8ewmvcIzUDmCItbDz8IkD3FO10uyFGGhRPSh2nG6PJnEJP3n/47784J6cx/Z7luLOVg==",
      "dev": true,
      "requires": {
        "@types/leaflet": "*"
      }
    },
    "@types/geojson": {
      "version": "7946.0.8",
      "resolved": "https://registry.npmjs.org/@types/geojson/-/geojson-7946.0.8.tgz",
      "integrity": "sha512-1rkryxURpr6aWP7R786/UQOkJ3PcpQiWkAXBmdWc7ryFWqN6a4xfK7BtjXvFBKO9LjQ+MWQSWxYeZX1OApnArA==",
      "dev": true
    },
    "@types/leaflet": {
      "version": "1.7.8",
      "resolved": "https://registry.npmjs.org/@types/leaflet/-/leaflet-1.7.8.tgz",
      "integrity": "sha512-prZwhmUznkwTYCTZVGTR4U1GzgPP3PAWYYQ3wDgVkIoiuQTheWoycsXx4Rz9ARYhlDTl0Ycd8lvhH2/rNSkqIg==",
      "dev": true,
      "requires": {
        "@types/geojson": "*"
      }
    }
  }
}
